{
    "_readme": [
        "This file locks the dependencies of your project to a known state",
        "Read more about it at https://getcomposer.org/doc/01-basic-usage.md#installing-dependencies",
        "This file is @generated automatically"
    ],
    "content-hash": "0c705fe0043b6439baa294416dd68594",
    "packages": [
        {
            "name": "pear/archive_tar",
            "version": "1.4.13",
            "source": {
                "type": "git",
                "url": "https://github.com/pear/Archive_Tar.git",
                "reference": "2b87b41178cc6d4ad3cba678a46a1cae49786011"
            },
            "dist": {
                "type": "zip",
                "url": "https://api.github.com/repos/pear/Archive_Tar/zipball/2b87b41178cc6d4ad3cba678a46a1cae49786011",
                "reference": "2b87b41178cc6d4ad3cba678a46a1cae49786011",
                "shasum": ""
            },
            "require": {
                "pear/pear-core-minimal": "^1.10.0alpha2",
                "php": ">=5.2.0"
            },
            "require-dev": {
                "phpunit/phpunit": "*"
            },
            "suggest": {
                "ext-bz2": "Bz2 compression support.",
                "ext-xz": "Lzma2 compression support.",
                "ext-zlib": "Gzip compression support."
            },
            "type": "library",
            "extra": {
                "branch-alias": {
                    "dev-master": "1.4.x-dev"
                }
            },
            "autoload": {
                "psr-0": {
                    "Archive_Tar": ""
                }
            },
            "notification-url": "https://packagist.org/downloads/",
            "include-path": [
                "./"
            ],
            "license": [
                "BSD-3-Clause"
            ],
            "authors": [
                {
                    "name": "Vincent Blavet",
                    "email": "vincent@phpconcept.net"
                },
                {
                    "name": "Greg Beaver",
                    "email": "greg@chiaraquartet.net"
                },
                {
                    "name": "Michiel Rook",
                    "email": "mrook@php.net"
                }
            ],
            "description": "Tar file management class with compression support (gzip, bzip2, lzma2)",
            "homepage": "https://github.com/pear/Archive_Tar",
            "keywords": [
                "archive",
                "tar"
            ],
            "support": {
                "issues": "http://pear.php.net/bugs/search.php?cmd=display&package_name[]=Archive_Tar",
                "source": "https://github.com/pear/Archive_Tar"
            },
            "funding": [
                {
                    "url": "https://github.com/mrook",
                    "type": "github"
                },
                {
                    "url": "https://www.patreon.com/michielrook",
                    "type": "patreon"
                }
            ],
            "time": "2021-02-16T10:50:50+00:00"
        },
        {
            "name": "pear/console_getopt",
            "version": "v1.4.3",
            "source": {
                "type": "git",
                "url": "https://github.com/pear/Console_Getopt.git",
                "reference": "a41f8d3e668987609178c7c4a9fe48fecac53fa0"
            },
            "dist": {
                "type": "zip",
                "url": "https://api.github.com/repos/pear/Console_Getopt/zipball/a41f8d3e668987609178c7c4a9fe48fecac53fa0",
                "reference": "a41f8d3e668987609178c7c4a9fe48fecac53fa0",
                "shasum": ""
            },
            "type": "library",
            "autoload": {
                "psr-0": {
                    "Console": "./"
                }
            },
            "notification-url": "https://packagist.org/downloads/",
            "include-path": [
                "./"
            ],
            "license": [
                "BSD-2-Clause"
            ],
            "authors": [
                {
                    "name": "Andrei Zmievski",
                    "email": "andrei@php.net",
                    "role": "Lead"
                },
                {
                    "name": "Stig Bakken",
                    "email": "stig@php.net",
                    "role": "Developer"
                },
                {
                    "name": "Greg Beaver",
                    "email": "cellog@php.net",
                    "role": "Helper"
                }
            ],
            "description": "More info available on: http://pear.php.net/package/Console_Getopt",
            "support": {
                "issues": "http://pear.php.net/bugs/search.php?cmd=display&package_name[]=Console_Getopt",
                "source": "https://github.com/pear/Console_Getopt"
            },
            "time": "2019-11-20T18:27:48+00:00"
        },
        {
            "name": "pear/pear-core-minimal",
            "version": "v1.10.10",
            "source": {
                "type": "git",
                "url": "https://github.com/pear/pear-core-minimal.git",
                "reference": "625a3c429d9b2c1546438679074cac1b089116a7"
            },
            "dist": {
                "type": "zip",
                "url": "https://api.github.com/repos/pear/pear-core-minimal/zipball/625a3c429d9b2c1546438679074cac1b089116a7",
                "reference": "625a3c429d9b2c1546438679074cac1b089116a7",
                "shasum": ""
            },
            "require": {
                "pear/console_getopt": "~1.4",
                "pear/pear_exception": "~1.0"
            },
            "replace": {
                "rsky/pear-core-min": "self.version"
            },
            "type": "library",
            "autoload": {
                "psr-0": {
                    "": "src/"
                }
            },
            "notification-url": "https://packagist.org/downloads/",
            "include-path": [
                "src/"
            ],
            "license": [
                "BSD-3-Clause"
            ],
            "authors": [
                {
                    "name": "Christian Weiske",
                    "email": "cweiske@php.net",
                    "role": "Lead"
                }
            ],
            "description": "Minimal set of PEAR core files to be used as composer dependency",
            "support": {
                "issues": "http://pear.php.net/bugs/search.php?cmd=display&package_name[]=PEAR",
                "source": "https://github.com/pear/pear-core-minimal"
            },
            "time": "2019-11-19T19:00:24+00:00"
        },
        {
            "name": "pear/pear_exception",
            "version": "v1.0.2",
            "source": {
                "type": "git",
                "url": "https://github.com/pear/PEAR_Exception.git",
                "reference": "b14fbe2ddb0b9f94f5b24cf08783d599f776fff0"
            },
            "dist": {
                "type": "zip",
                "url": "https://api.github.com/repos/pear/PEAR_Exception/zipball/b14fbe2ddb0b9f94f5b24cf08783d599f776fff0",
                "reference": "b14fbe2ddb0b9f94f5b24cf08783d599f776fff0",
                "shasum": ""
            },
            "require": {
                "php": ">=5.2.0"
            },
            "require-dev": {
                "phpunit/phpunit": "<9"
            },
            "type": "class",
            "extra": {
                "branch-alias": {
                    "dev-master": "1.0.x-dev"
                }
            },
            "autoload": {
                "classmap": [
                    "PEAR/"
                ]
            },
            "notification-url": "https://packagist.org/downloads/",
            "include-path": [
                "."
            ],
            "license": [
                "BSD-2-Clause"
            ],
            "authors": [
                {
                    "name": "Helgi Thormar",
                    "email": "dufuz@php.net"
                },
                {
                    "name": "Greg Beaver",
                    "email": "cellog@php.net"
                }
            ],
            "description": "The PEAR Exception base class.",
            "homepage": "https://github.com/pear/PEAR_Exception",
            "keywords": [
                "exception"
            ],
            "support": {
                "issues": "http://pear.php.net/bugs/search.php?cmd=display&package_name[]=PEAR_Exception",
                "source": "https://github.com/pear/PEAR_Exception"
            },
            "time": "2021-03-21T15:43:46+00:00"
        },
        {
            "name": "whikloj/bagittools",
            "version": "3.0.1",
            "source": {
                "type": "git",
                "url": "https://github.com/whikloj/BagItTools.git",
                "reference": "ca234e6df528dcd384286fca970f57f9adabea86"
            },
            "dist": {
                "type": "zip",
                "url": "https://api.github.com/repos/whikloj/BagItTools/zipball/ca234e6df528dcd384286fca970f57f9adabea86",
                "reference": "ca234e6df528dcd384286fca970f57f9adabea86",
                "shasum": ""
            },
            "require": {
                "ext-curl": "*",
                "ext-intl": "*",
                "ext-mbstring": "*",
                "ext-zip": "*",
                "pear/archive_tar": "^1.4.11",
                "php": ">=7.3"
            },
            "require-dev": {
                "donatj/mock-webserver": "^2.1",
                "phpdocumentor/phpdocumentor": "^3.0",
                "phpunit/phpunit": "^9.0",
                "sebastian/phpcpd": "^6.0",
                "squizlabs/php_codesniffer": "^3.5"
            },
            "type": "library",
            "autoload": {
                "psr-4": {
                    "whikloj\\BagItTools\\": "src/"
                }
            },
            "notification-url": "https://packagist.org/downloads/",
            "license": [
                "MIT"
            ],
            "authors": [
                {
                    "name": "Jared Whiklo",
                    "email": "jwhiklo@gmail.com",
                    "role": "Developer"
                }
            ],
            "description": "A PHP library to manipulate and verify BagIt bags.",
            "homepage": "https://github.com/whikloj/bagittools",
            "keywords": [
                "bagit",
                "bags",
                "data",
                "integrity",
                "transmission"
            ],
            "support": {
                "issues": "https://github.com/whikloj/BagItTools/issues",
                "source": "https://github.com/whikloj/BagItTools/tree/3.0.1"
            },
            "time": "2021-07-07T01:28:42+00:00"
        }
    ],
    "packages-dev": [],
    "aliases": [],
    "minimum-stability": "stable",
    "stability-flags": [],
    "prefer-stable": false,
    "prefer-lowest": false,
    "platform": [],
    "platform-dev": [],
    "plugin-api-version": "2.0.0"
}
